// !$*UTF8*$!
{
	archiveVersion = 1;
	classes = {
	};
	objectVersion = 46;
	objects = {

/* Begin PBXBuildFile section */
		EE1E3FF11D6630DC0082C822 /* AppDelegate.swift in Sources */ = {isa = PBXBuildFile; fileRef = EE1E3FF01D6630DC0082C822 /* AppDelegate.swift */; };
		EE1E3FF61D6630DC0082C822 /* Main.storyboard in Resources */ = {isa = PBXBuildFile; fileRef = EE1E3FF41D6630DC0082C822 /* Main.storyboard */; };
		EE1E3FF81D6630DC0082C822 /* Assets.xcassets in Resources */ = {isa = PBXBuildFile; fileRef = EE1E3FF71D6630DC0082C822 /* Assets.xcassets */; };
		EE1E3FFB1D6630DC0082C822 /* LaunchScreen.storyboard in Resources */ = {isa = PBXBuildFile; fileRef = EE1E3FF91D6630DC0082C822 /* LaunchScreen.storyboard */; };
		EE1E40031D66324D0082C822 /* SimonSaysViewController.swift in Sources */ = {isa = PBXBuildFile; fileRef = EE1E40021D66324D0082C822 /* SimonSaysViewController.swift */; };
		EEE174C81D677CFA00931D45 /* ColorPickerViewController.swift in Sources */ = {isa = PBXBuildFile; fileRef = EEE174C71D677CFA00931D45 /* ColorPickerViewController.swift */; };
/* End PBXBuildFile section */

/* Begin PBXFileReference section */
		EE1E3FED1D6630DC0082C822 /* SimonSaysSwift.app */ = {isa = PBXFileReference; explicitFileType = wrapper.application; includeInIndex = 0; path = SimonSaysSwift.app; sourceTree = BUILT_PRODUCTS_DIR; };
		EE1E3FF01D6630DC0082C822 /* AppDelegate.swift */ = {isa = PBXFileReference; lastKnownFileType = sourcecode.swift; path = AppDelegate.swift; sourceTree = "<group>"; };
		EE1E3FF51D6630DC0082C822 /* Base */ = {isa = PBXFileReference; lastKnownFileType = file.storyboard; name = Base; path = Base.lproj/Main.storyboard; sourceTree = "<group>"; };
		EE1E3FF71D6630DC0082C822 /* Assets.xcassets */ = {isa = PBXFileReference; lastKnownFileType = folder.assetcatalog; path = Assets.xcassets; sourceTree = "<group>"; };
		EE1E3FFA1D6630DC0082C822 /* Base */ = {isa = PBXFileReference; lastKnownFileType = file.storyboard; name = Base; path = Base.lproj/LaunchScreen.storyboard; sourceTree = "<group>"; };
		EE1E3FFC1D6630DC0082C822 /* Info.plist */ = {isa = PBXFileReference; lastKnownFileType = text.plist.xml; path = Info.plist; sourceTree = "<group>"; };
		EE1E40021D66324D0082C822 /* SimonSaysViewController.swift */ = {isa = PBXFileReference; fileEncoding = 4; lastKnownFileType = sourcecode.swift; name = SimonSaysViewController.swift; path = ../SimonSaysViewController.swift; sourceTree = "<group>"; };
		EEE174C71D677CFA00931D45 /* ColorPickerViewController.swift */ = {isa = PBXFileReference; fileEncoding = 4; lastKnownFileType = sourcecode.swift; path = ColorPickerViewController.swift; sourceTree = "<group>"; };
/* End PBXFileReference section */

/* Begin PBXFrameworksBuildPhase section */
		EE1E3FEA1D6630DC0082C822 /* Frameworks */ = {
			isa = PBXFrameworksBuildPhase;
			buildActionMask = 2147483647;
			files = (
			);
			runOnlyForDeploymentPostprocessing = 0;
		};
/* End PBXFrameworksBuildPhase section */

/* Begin PBXGroup section */
		EE1E3FE41D6630DC0082C822 = {
			isa = PBXGroup;
			children = (
				EE1E3FEF1D6630DC0082C822 /* SimonSaysSwift */,
				EE1E3FEE1D6630DC0082C822 /* Products */,
			);
			sourceTree = "<group>";
		};
		EE1E3FEE1D6630DC0082C822 /* Products */ = {
			isa = PBXGroup;
			children = (
				EE1E3FED1D6630DC0082C822 /* SimonSaysSwift.app */,
			);
			name = Products;
			sourceTree = "<group>";
		};
		EE1E3FEF1D6630DC0082C822 /* SimonSaysSwift */ = {
			isa = PBXGroup;
			children = (
				EE1E3FF01D6630DC0082C822 /* AppDelegate.swift */,
				EE1E40021D66324D0082C822 /* SimonSaysViewController.swift */,
				EEE174C71D677CFA00931D45 /* ColorPickerViewController.swift */,
				EE1E3FF41D6630DC0082C822 /* Main.storyboard */,
				EE1E3FF71D6630DC0082C822 /* Assets.xcassets */,
				EE1E3FF91D6630DC0082C822 /* LaunchScreen.storyboard */,
				EE1E3FFC1D6630DC0082C822 /* Info.plist */,
			);
			path = SimonSaysSwift;
			sourceTree = "<group>";
		};
/* End PBXGroup section */

/* Begin PBXNativeTarget section */
		EE1E3FEC1D6630DC0082C822 /* SimonSaysSwift */ = {
			isa = PBXNativeTarget;
			buildConfigurationList = EE1E3FFF1D6630DC0082C822 /* Build configuration list for PBXNativeTarget "SimonSaysSwift" */;
			buildPhases = (
				EE1E3FE91D6630DC0082C822 /* Sources */,
				EE1E3FEA1D6630DC0082C822 /* Frameworks */,
				EE1E3FEB1D6630DC0082C822 /* Resources */,
			);
			buildRules = (
			);
			dependencies = (
			);
			name = SimonSaysSwift;
			productName = SimonSaysSwift;
			productReference = EE1E3FED1D6630DC0082C822 /* SimonSaysSwift.app */;
			productType = "com.apple.product-type.application";
		};
/* End PBXNativeTarget section */

/* Begin PBXProject section */
		EE1E3FE51D6630DC0082C822 /* Project object */ = {
			isa = PBXProject;
			attributes = {
				LastSwiftUpdateCheck = 0800;
				LastUpgradeCheck = 0800;
				ORGANIZATIONNAME = "The Iron Yard";
				TargetAttributes = {
					EE1E3FEC1D6630DC0082C822 = {
						CreatedOnToolsVersion = 8.0;
						ProvisioningStyle = Automatic;
					};
				};
			};
			buildConfigurationList = EE1E3FE81D6630DC0082C822 /* Build configuration list for PBXProject "SimonSaysSwift" */;
			compatibilityVersion = "Xcode 3.2";
			developmentRegion = English;
			hasScannedForEncodings = 0;
			knownRegions = (
				en,
				Base,
			);
			mainGroup = EE1E3FE41D6630DC0082C822;
			productRefGroup = EE1E3FEE1D6630DC0082C822 /* Products */;
			projectDirPath = "";
			projectRoot = "";
			targets = (
				EE1E3FEC1D6630DC0082C822 /* SimonSaysSwift */,
			);
		};
/* End PBXProject section */

/* Begin PBXResourcesBuildPhase section */
		EE1E3FEB1D6630DC0082C822 /* Resources */ = {
			isa = PBXResourcesBuildPhase;
			buildActionMask = 2147483647;
			files = (
				EE1E3FFB1D6630DC0082C822 /* LaunchScreen.storyboard in Resources */,
				EE1E3FF81D6630DC0082C822 /* Assets.xcassets in Resources */,
				EE1E3FF61D6630DC0082C822 /* Main.storyboard in Resources */,
			);
			runOnlyForDeploymentPostprocessing = 0;
		};
/* End PBXResourcesBuildPhase section */

/* Begin PBXSourcesBuildPhase section */
		EE1E3FE91D6630DC0082C822 /* Sources */ = {
			isa = PBXSourcesBuildPhase;
			buildActionMask = 2147483647;
			files = (
				EE1E3FF11D6630DC0082C822 /* AppDelegate.swift in Sources */,
				EE1E40031D66324D0082C822 /* SimonSaysViewController.swift in Sources */,
				EEE174C81D677CFA00931D45 /* ColorPickerViewController.swift in Sources */,
			);
			runOnlyForDeploymentPostprocessing = 0;
		};
/* End PBXSourcesBuildPhase section */

/* Begin PBXVariantGroup section */
		EE1E3FF41D6630DC0082C822 /* Main.storyboard */ = {
			isa = PBXVariantGroup;
			children = (
				EE1E3FF51D6630DC0082C822 /* Base */,
			);
			name = Main.storyboard;
			sourceTree = "<group>";
		};
		EE1E3FF91D6630DC0082C822 /* LaunchScreen.storyboard */ = {
			isa = PBXVariantGroup;
			children = (
				EE1E3FFA1D6630DC0082C822 /* Base */,
			);
			name = LaunchScreen.storyboard;
			sourceTree = "<group>";
		};
/* End PBXVariantGroup section */

/* Begin XCBuildConfiguration section */
		EE1E3FFD1D6630DC0082C822 /* Debug */ = {
			isa = XCBuildConfiguration;
			buildSettings = {
				ALWAYS_SEARCH_USER_PATHS = NO;
				CLANG_ANALYZER_NONNULL = YES;
				CLANG_CXX_LANGUAGE_STANDARD = "gnu++0x";
				CLANG_CXX_LIBRARY = "libc++";
				CLANG_ENABLE_MODULES = YES;
				CLANG_ENABLE_OBJC_ARC = YES;
				CLANG_WARN_BOOL_CONVERSION = YES;
				CLANG_WARN_CONSTANT_CONVERSION = YES;
				CLANG_WARN_DIRECT_OBJC_ISA_USAGE = YES_ERROR;
				CLANG_WARN_DOCUMENTATION_COMMENTS = YES;
				CLANG_WARN_EMPTY_BODY = YES;
				CLANG_WARN_ENUM_CONVERSION = YES;
				CLANG_WARN_INFINITE_RECURSION = YES;
				CLANG_WARN_INT_CONVERSION = YES;
				CLANG_WARN_OBJC_ROOT_CLASS = YES_ERROR;
				CLANG_WARN_SUSPICIOUS_MOVES = YES;
				CLANG_WARN_UNREACHABLE_CODE = YES;
				CLANG_WARN__DUPLICATE_METHOD_MATCH = YES;
				"CODE_SIGN_IDENTITY[sdk=iphoneos*]" = "iPhone Developer";
				COPY_PHASE_STRIP = NO;
				DEBUG_INFORMATION_FORMAT = dwarf;
				ENABLE_STRICT_OBJC_MSGSEND = YES;
				ENABLE_TESTABILITY = YES;
				GCC_C_LANGUAGE_STANDARD = gnu99;
				GCC_DYNAMIC_NO_PIC = NO;
				GCC_NO_COMMON_BLOCKS = YES;
				GCC_OPTIMIZATION_LEVEL = 0;
				GCC_PREPROCESSOR_DEFINITIONS = (
					"DEBUG=1",
					"$(inherited)",
				);
				GCC_WARN_64_TO_32_BIT_CONVERSION = YES;
				GCC_WARN_ABOUT_RETURN_TYPE = YES_ERROR;
				GCC_WARN_UNDECLARED_SELECTOR = YES;
				GCC_WARN_UNINITIALIZED_AUTOS = YES_AGGRESSIVE;
				GCC_WARN_UNUSED_FUNCTION = YES;
				GCC_WARN_UNUSED_VARIABLE = YES;
				IPHONEOS_DEPLOYMENT_TARGET = 10.0;
				MTL_ENABLE_DEBUG_INFO = YES;
				ONLY_ACTIVE_ARCH = YES;
				SDKROOT = iphoneos;
				SWIFT_ACTIVE_COMPILATION_CONDITIONS = DEBUG;
				SWIFT_OPTIMIZATION_LEVEL = "-Onone";
			};
			name = Debug;
		};
		EE1E3FFE1D6630DC0082C822 /* Release */ = {
			isa = XCBuildConfiguration;
			buildSettings = {
				ALWAYS_SEARCH_USER_PATHS = NO;
				CLANG_ANALYZER_NONNULL = YES;
				CLANG_CXX_LANGUAGE_STANDARD = "gnu++0x";
				CLANG_CXX_LIBRARY = "libc++";
				CLANG_ENABLE_MODULES = YES;
				CLANG_ENABLE_OBJC_ARC = YES;
				CLANG_WARN_BOOL_CONVERSION = YES;
				CLANG_WARN_CONSTANT_CONVERSION = YES;
				CLANG_WARN_DIRECT_OBJC_ISA_USAGE = YES_ERROR;
				CLANG_WARN_DOCUMENTATION_COMMENTS = YES;
				CLANG_WARN_EMPTY_BODY = YES;
				CLANG_WARN_ENUM_CONVERSION = YES;
				CLANG_WARN_INFINITE_RECURSION = YES;
				CLANG_WARN_INT_CONVERSION = YES;
				CLANG_WARN_OBJC_ROOT_CLASS = YES_ERROR;
				CLANG_WARN_SUSPICIOUS_MOVES = YES;
				CLANG_WARN_UNREACHABLE_CODE = YES;
				CLANG_WARN__DUPLICATE_METHOD_MATCH = YES;
				"CODE_SIGN_IDENTITY[sdk=iphoneos*]" = "iPhone Developer";
				COPY_PHASE_STRIP = NO;
				DEBUG_INFORMATION_FORMAT = "dwarf-with-dsym";
				ENABLE_NS_ASSERTIONS = NO;
				ENABLE_STRICT_OBJC_MSGSEND = YES;
				GCC_C_LANGUAGE_STANDARD = gnu99;
				GCC_NO_COMMON_BLOCKS = YES;
				GCC_WARN_64_TO_32_BIT_CONVERSION = YES;
				GCC_WARN_ABOUT_RETURN_TYPE = YES_ERROR;
				GCC_WARN_UNDECLARED_SELECTOR = YES;
				GCC_WARN_UNINITIALIZED_AUTOS = YES_AGGRESSIVE;
				GCC_WARN_UNUSED_FUNCTION = YES;
				GCC_WARN_UNUSED_VARIABLE = YES;
				IPHONEOS_DEPLOYMENT_TARGET = 10.0;
				MTL_ENABLE_DEBUG_INFO = NO;
				SDKROOT = iphoneos;
				SWIFT_OPTIMIZATION_LEVEL = "-Owholemodule";
				VALIDATE_PRODUCT = YES;
			};
			name = Release;
		};
		EE1E40001D6630DC0082C822 /* Debug */ = {
			isa = XCBuildConfiguration;
			buildSettings = {
				ASSETCATALOG_COMPILER_APPICON_NAME = AppIcon;
				INFOPLIST_FILE = SimonSaysSwift/Info.plist;
				LD_RUNPATH_SEARCH_PATHS = "$(inherited) @executable_path/Frameworks";
				PRODUCT_BUNDLE_IDENTIFIER = com.tiy.SimonSaysSwift;
				PRODUCT_NAME = "$(TARGET_NAME)";
				SWIFT_VERSION = 3.0;
			};
			name = Debug;
		};
		EE1E40011D6630DC0082C822 /* Release */ = {
			isa = XCBuildConfiguration;
			buildSettings = {
				ASSETCATALOG_COMPILER_APPICON_NAME = AppIcon;
				INFOPLIST_FILE = SimonSaysSwift/Info.plist;
				LD_RUNPATH_SEARCH_PATHS = "$(inherited) @executable_path/Frameworks";
				PRODUCT_BUNDLE_IDENTIFIER = com.tiy.SimonSaysSwift;
				PRODUCT_NAME = "$(TARGET_NAME)";
				SWIFT_VERSION = 3.0;
			};
			name = Release;
		};
/* End XCBuildConfiguration section */

/* Begin XCConfigurationList section */
		EE1E3FE81D6630DC0082C822 /* Build configuration list for PBXProject "SimonSaysSwift" */ = {
			isa = XCConfigurationList;
			buildConfigurations = (
				EE1E3FFD1D6630DC0082C822 /* Debug */,
				EE1E3FFE1D6630DC0082C822 /* Release */,
			);
			defaultConfigurationIsVisible = 0;
			defaultConfigurationName = Release;
		};
		EE1E3FFF1D6630DC0082C822 /* Build configuration list for PBXNativeTarget "SimonSaysSwift" */ = {
			isa = XCConfigurationList;
			buildConfigurations = (
				EE1E40001D6630DC0082C822 /* Debug */,
				EE1E40011D6630DC0082C822 /* Release */,
			);
			defaultConfigurationIsVisible = 0;
			defaultConfigurationName = Release;
		};
/* End XCConfigurationList section */
	};
	rootObject = EE1E3FE51D6630DC0082C822 /* Project object */;
}
